// !$*UTF8*$!
{
	archiveVersion = 1;
	classes = {
	};
	objectVersion = 46;
	objects = {

/* Begin PBXBuildFile section */
		A3048813134EF8BA001126AA /* CreateMessageViewController.m in Sources */ = {isa = PBXBuildFile; fileRef = A3048811134EF8BA001126AA /* CreateMessageViewController.m */; };
		A3048814134EF8BA001126AA /* CreateMessageViewController.xib in Resources */ = {isa = PBXBuildFile; fileRef = A3048812134EF8BA001126AA /* CreateMessageViewController.xib */; };
		A33FE2F813533CCE0037ACDE /* NSObject+JSON.m in Sources */ = {isa = PBXBuildFile; fileRef = A33FE2E713533CCE0037ACDE /* NSObject+JSON.m */; };
		A33FE2F913533CCE0037ACDE /* SBJsonParser.m in Sources */ = {isa = PBXBuildFile; fileRef = A33FE2E913533CCE0037ACDE /* SBJsonParser.m */; };
		A33FE2FA13533CCE0037ACDE /* SBJsonStreamParser.m in Sources */ = {isa = PBXBuildFile; fileRef = A33FE2EB13533CCE0037ACDE /* SBJsonStreamParser.m */; };
		A33FE2FB13533CCE0037ACDE /* SBJsonStreamParserAdapter.m in Sources */ = {isa = PBXBuildFile; fileRef = A33FE2ED13533CCE0037ACDE /* SBJsonStreamParserAdapter.m */; };
		A33FE2FC13533CCE0037ACDE /* SBJsonStreamParserState.m in Sources */ = {isa = PBXBuildFile; fileRef = A33FE2EF13533CCE0037ACDE /* SBJsonStreamParserState.m */; };
		A33FE2FD13533CCE0037ACDE /* SBJsonStreamWriter.m in Sources */ = {isa = PBXBuildFile; fileRef = A33FE2F113533CCE0037ACDE /* SBJsonStreamWriter.m */; };
		A33FE2FE13533CCE0037ACDE /* SBJsonStreamWriterState.m in Sources */ = {isa = PBXBuildFile; fileRef = A33FE2F313533CCE0037ACDE /* SBJsonStreamWriterState.m */; };
		A33FE2FF13533CCE0037ACDE /* SBJsonTokeniser.m in Sources */ = {isa = PBXBuildFile; fileRef = A33FE2F513533CCE0037ACDE /* SBJsonTokeniser.m */; };
		A33FE30013533CCE0037ACDE /* SBJsonWriter.m in Sources */ = {isa = PBXBuildFile; fileRef = A33FE2F713533CCE0037ACDE /* SBJsonWriter.m */; };
		A36BCEB913436C6000090AE7 /* UIKit.framework in Frameworks */ = {isa = PBXBuildFile; fileRef = A36BCEB813436C6000090AE7 /* UIKit.framework */; };
		A36BCEBB13436C6000090AE7 /* Foundation.framework in Frameworks */ = {isa = PBXBuildFile; fileRef = A36BCEBA13436C6000090AE7 /* Foundation.framework */; };
		A36BCEBD13436C6000090AE7 /* CoreGraphics.framework in Frameworks */ = {isa = PBXBuildFile; fileRef = A36BCEBC13436C6000090AE7 /* CoreGraphics.framework */; };
		A36BCEC313436C6000090AE7 /* InfoPlist.strings in Resources */ = {isa = PBXBuildFile; fileRef = A36BCEC113436C6000090AE7 /* InfoPlist.strings */; };
		A36BCEC613436C6000090AE7 /* main.m in Sources */ = {isa = PBXBuildFile; fileRef = A36BCEC513436C6000090AE7 /* main.m */; };
		A36BCEC913436C6000090AE7 /* SciProMobileAppDelegate.m in Sources */ = {isa = PBXBuildFile; fileRef = A36BCEC813436C6000090AE7 /* SciProMobileAppDelegate.m */; };
		A36BCECC13436C6000090AE7 /* MainWindow.xib in Resources */ = {isa = PBXBuildFile; fileRef = A36BCECA13436C6000090AE7 /* MainWindow.xib */; };
		A36BCED913436C6000090AE7 /* UIKit.framework in Frameworks */ = {isa = PBXBuildFile; fileRef = A36BCEB813436C6000090AE7 /* UIKit.framework */; };
		A36BCEDA13436C6000090AE7 /* Foundation.framework in Frameworks */ = {isa = PBXBuildFile; fileRef = A36BCEBA13436C6000090AE7 /* Foundation.framework */; };
		A36BCEDB13436C6000090AE7 /* CoreGraphics.framework in Frameworks */ = {isa = PBXBuildFile; fileRef = A36BCEBC13436C6000090AE7 /* CoreGraphics.framework */; };
		A36BCEE313436C6000090AE7 /* InfoPlist.strings in Resources */ = {isa = PBXBuildFile; fileRef = A36BCEE113436C6000090AE7 /* InfoPlist.strings */; };
		A36BCEE613436C6000090AE7 /* SciProMobileTests.h in Resources */ = {isa = PBXBuildFile; fileRef = A36BCEE513436C6000090AE7 /* SciProMobileTests.h */; };
		A36BCEE813436C6000090AE7 /* SciProMobileTests.m in Sources */ = {isa = PBXBuildFile; fileRef = A36BCEE713436C6000090AE7 /* SciProMobileTests.m */; };
		A39520E8135CA13E00269689 /* MessageDetailViewController.m in Sources */ = {isa = PBXBuildFile; fileRef = A39520E6135CA13E00269689 /* MessageDetailViewController.m */; };
		A39520E9135CA13E00269689 /* MessageDetailViewController.xib in Resources */ = {isa = PBXBuildFile; fileRef = A39520E7135CA13E00269689 /* MessageDetailViewController.xib */; };
		A39520EC135CC77800269689 /* Settings.bundle in Resources */ = {isa = PBXBuildFile; fileRef = A39520EB135CC77800269689 /* Settings.bundle */; };
		A3CD14DF134DB575001E364C /* ProjectViewController.m in Sources */ = {isa = PBXBuildFile; fileRef = A3CD14DD134DB575001E364C /* ProjectViewController.m */; };
		A3CD14E0134DB575001E364C /* ProjectViewController.xib in Resources */ = {isa = PBXBuildFile; fileRef = A3CD14DE134DB575001E364C /* ProjectViewController.xib */; };
		A3CD14E5134DB590001E364C /* MessageViewController.m in Sources */ = {isa = PBXBuildFile; fileRef = A3CD14E3134DB590001E364C /* MessageViewController.m */; };
		A3CD14E6134DB590001E364C /* MessageViewController.xib in Resources */ = {isa = PBXBuildFile; fileRef = A3CD14E4134DB590001E364C /* MessageViewController.xib */; };
		A3E4F9B6135C2B6C00667BEC /* MessageModel.m in Sources */ = {isa = PBXBuildFile; fileRef = A3E4F9B5135C2B6C00667BEC /* MessageModel.m */; };
		A3E4F9B8135C576700667BEC /* 57.png in Resources */ = {isa = PBXBuildFile; fileRef = A3E4F9B7135C576700667BEC /* 57.png */; };
		A3E4F9BA135C577500667BEC /* 114.png in Resources */ = {isa = PBXBuildFile; fileRef = A3E4F9B9135C577500667BEC /* 114.png */; };
		A3FF1BE6134DC34B0044914C /* LoginViewController.m in Sources */ = {isa = PBXBuildFile; fileRef = A3FF1BE4134DC34B0044914C /* LoginViewController.m */; };
		A3FF1BE7134DC34B0044914C /* LoginViewController.xib in Resources */ = {isa = PBXBuildFile; fileRef = A3FF1BE5134DC34B0044914C /* LoginViewController.xib */; };
		A3FF1C39134DF8FE0044914C /* ProjectDetailViewController.m in Sources */ = {isa = PBXBuildFile; fileRef = A3FF1C37134DF8FD0044914C /* ProjectDetailViewController.m */; };
		A3FF1C3A134DF8FE0044914C /* ProjectDetailViewController.xib in Resources */ = {isa = PBXBuildFile; fileRef = A3FF1C38134DF8FE0044914C /* ProjectDetailViewController.xib */; };
/* End PBXBuildFile section */

/* Begin PBXContainerItemProxy section */
		A36BCEDC13436C6000090AE7 /* PBXContainerItemProxy */ = {
			isa = PBXContainerItemProxy;
			containerPortal = A36BCEAB13436C5F00090AE7 /* Project object */;
			proxyType = 1;
			remoteGlobalIDString = A36BCEB313436C6000090AE7;
			remoteInfo = SciProMobile;
		};
/* End PBXContainerItemProxy section */

/* Begin PBXFileReference section */
		A3048810134EF8BA001126AA /* CreateMessageViewController.h */ = {isa = PBXFileReference; fileEncoding = 4; lastKnownFileType = sourcecode.c.h; path = CreateMessageViewController.h; sourceTree = "<group>"; };
		A3048811134EF8BA001126AA /* CreateMessageViewController.m */ = {isa = PBXFileReference; fileEncoding = 4; lastKnownFileType = sourcecode.c.objc; path = CreateMessageViewController.m; sourceTree = "<group>"; };
		A3048812134EF8BA001126AA /* CreateMessageViewController.xib */ = {isa = PBXFileReference; fileEncoding = 4; lastKnownFileType = file.xib; path = CreateMessageViewController.xib; sourceTree = "<group>"; };
		A33FE2E513533CCE0037ACDE /* JSON.h */ = {isa = PBXFileReference; fileEncoding = 4; lastKnownFileType = sourcecode.c.h; path = JSON.h; sourceTree = "<group>"; };
		A33FE2E613533CCE0037ACDE /* NSObject+JSON.h */ = {isa = PBXFileReference; fileEncoding = 4; lastKnownFileType = sourcecode.c.h; path = "NSObject+JSON.h"; sourceTree = "<group>"; };
		A33FE2E713533CCE0037ACDE /* NSObject+JSON.m */ = {isa = PBXFileReference; fileEncoding = 4; lastKnownFileType = sourcecode.c.objc; path = "NSObject+JSON.m"; sourceTree = "<group>"; };
		A33FE2E813533CCE0037ACDE /* SBJsonParser.h */ = {isa = PBXFileReference; fileEncoding = 4; lastKnownFileType = sourcecode.c.h; path = SBJsonParser.h; sourceTree = "<group>"; };
		A33FE2E913533CCE0037ACDE /* SBJsonParser.m */ = {isa = PBXFileReference; fileEncoding = 4; lastKnownFileType = sourcecode.c.objc; path = SBJsonParser.m; sourceTree = "<group>"; };
		A33FE2EA13533CCE0037ACDE /* SBJsonStreamParser.h */ = {isa = PBXFileReference; fileEncoding = 4; lastKnownFileType = sourcecode.c.h; path = SBJsonStreamParser.h; sourceTree = "<group>"; };
		A33FE2EB13533CCE0037ACDE /* SBJsonStreamParser.m */ = {isa = PBXFileReference; fileEncoding = 4; lastKnownFileType = sourcecode.c.objc; path = SBJsonStreamParser.m; sourceTree = "<group>"; };
		A33FE2EC13533CCE0037ACDE /* SBJsonStreamParserAdapter.h */ = {isa = PBXFileReference; fileEncoding = 4; lastKnownFileType = sourcecode.c.h; path = SBJsonStreamParserAdapter.h; sourceTree = "<group>"; };
		A33FE2ED13533CCE0037ACDE /* SBJsonStreamParserAdapter.m */ = {isa = PBXFileReference; fileEncoding = 4; lastKnownFileType = sourcecode.c.objc; path = SBJsonStreamParserAdapter.m; sourceTree = "<group>"; };
		A33FE2EE13533CCE0037ACDE /* SBJsonStreamParserState.h */ = {isa = PBXFileReference; fileEncoding = 4; lastKnownFileType = sourcecode.c.h; path = SBJsonStreamParserState.h; sourceTree = "<group>"; };
		A33FE2EF13533CCE0037ACDE /* SBJsonStreamParserState.m */ = {isa = PBXFileReference; fileEncoding = 4; lastKnownFileType = sourcecode.c.objc; path = SBJsonStreamParserState.m; sourceTree = "<group>"; };
		A33FE2F013533CCE0037ACDE /* SBJsonStreamWriter.h */ = {isa = PBXFileReference; fileEncoding = 4; lastKnownFileType = sourcecode.c.h; path = SBJsonStreamWriter.h; sourceTree = "<group>"; };
		A33FE2F113533CCE0037ACDE /* SBJsonStreamWriter.m */ = {isa = PBXFileReference; fileEncoding = 4; lastKnownFileType = sourcecode.c.objc; path = SBJsonStreamWriter.m; sourceTree = "<group>"; };
		A33FE2F213533CCE0037ACDE /* SBJsonStreamWriterState.h */ = {isa = PBXFileReference; fileEncoding = 4; lastKnownFileType = sourcecode.c.h; path = SBJsonStreamWriterState.h; sourceTree = "<group>"; };
		A33FE2F313533CCE0037ACDE /* SBJsonStreamWriterState.m */ = {isa = PBXFileReference; fileEncoding = 4; lastKnownFileType = sourcecode.c.objc; path = SBJsonStreamWriterState.m; sourceTree = "<group>"; };
		A33FE2F413533CCE0037ACDE /* SBJsonTokeniser.h */ = {isa = PBXFileReference; fileEncoding = 4; lastKnownFileType = sourcecode.c.h; path = SBJsonTokeniser.h; sourceTree = "<group>"; };
		A33FE2F513533CCE0037ACDE /* SBJsonTokeniser.m */ = {isa = PBXFileReference; fileEncoding = 4; lastKnownFileType = sourcecode.c.objc; path = SBJsonTokeniser.m; sourceTree = "<group>"; };
		A33FE2F613533CCE0037ACDE /* SBJsonWriter.h */ = {isa = PBXFileReference; fileEncoding = 4; lastKnownFileType = sourcecode.c.h; path = SBJsonWriter.h; sourceTree = "<group>"; };
		A33FE2F713533CCE0037ACDE /* SBJsonWriter.m */ = {isa = PBXFileReference; fileEncoding = 4; lastKnownFileType = sourcecode.c.objc; path = SBJsonWriter.m; sourceTree = "<group>"; };
		A36BCEB413436C6000090AE7 /* SciProMobile.app */ = {isa = PBXFileReference; explicitFileType = wrapper.application; includeInIndex = 0; path = SciProMobile.app; sourceTree = BUILT_PRODUCTS_DIR; };
		A36BCEB813436C6000090AE7 /* UIKit.framework */ = {isa = PBXFileReference; lastKnownFileType = wrapper.framework; name = UIKit.framework; path = System/Library/Frameworks/UIKit.framework; sourceTree = SDKROOT; };
		A36BCEBA13436C6000090AE7 /* Foundation.framework */ = {isa = PBXFileReference; lastKnownFileType = wrapper.framework; name = Foundation.framework; path = System/Library/Frameworks/Foundation.framework; sourceTree = SDKROOT; };
		A36BCEBC13436C6000090AE7 /* CoreGraphics.framework */ = {isa = PBXFileReference; lastKnownFileType = wrapper.framework; name = CoreGraphics.framework; path = System/Library/Frameworks/CoreGraphics.framework; sourceTree = SDKROOT; };
		A36BCEC013436C6000090AE7 /* SciProMobile-Info.plist */ = {isa = PBXFileReference; lastKnownFileType = text.plist.xml; path = "SciProMobile-Info.plist"; sourceTree = "<group>"; };
		A36BCEC213436C6000090AE7 /* en */ = {isa = PBXFileReference; lastKnownFileType = text.plist.strings; name = en; path = en.lproj/InfoPlist.strings; sourceTree = "<group>"; };
		A36BCEC413436C6000090AE7 /* SciProMobile-Prefix.pch */ = {isa = PBXFileReference; lastKnownFileType = sourcecode.c.h; path = "SciProMobile-Prefix.pch"; sourceTree = "<group>"; };
		A36BCEC513436C6000090AE7 /* main.m */ = {isa = PBXFileReference; lastKnownFileType = sourcecode.c.objc; path = main.m; sourceTree = "<group>"; };
		A36BCEC713436C6000090AE7 /* SciProMobileAppDelegate.h */ = {isa = PBXFileReference; lastKnownFileType = sourcecode.c.h; path = SciProMobileAppDelegate.h; sourceTree = "<group>"; };
		A36BCEC813436C6000090AE7 /* SciProMobileAppDelegate.m */ = {isa = PBXFileReference; lastKnownFileType = sourcecode.c.objc; path = SciProMobileAppDelegate.m; sourceTree = "<group>"; };
		A36BCECB13436C6000090AE7 /* en */ = {isa = PBXFileReference; lastKnownFileType = file.xib; name = en; path = en.lproj/MainWindow.xib; sourceTree = "<group>"; };
		A36BCED813436C6000090AE7 /* SciProMobileTests.octest */ = {isa = PBXFileReference; explicitFileType = wrapper.cfbundle; includeInIndex = 0; path = SciProMobileTests.octest; sourceTree = BUILT_PRODUCTS_DIR; };
		A36BCEE013436C6000090AE7 /* SciProMobileTests-Info.plist */ = {isa = PBXFileReference; lastKnownFileType = text.plist.xml; path = "SciProMobileTests-Info.plist"; sourceTree = "<group>"; };
		A36BCEE213436C6000090AE7 /* en */ = {isa = PBXFileReference; lastKnownFileType = text.plist.strings; name = en; path = en.lproj/InfoPlist.strings; sourceTree = "<group>"; };
		A36BCEE413436C6000090AE7 /* SciProMobileTests-Prefix.pch */ = {isa = PBXFileReference; lastKnownFileType = sourcecode.c.h; path = "SciProMobileTests-Prefix.pch"; sourceTree = "<group>"; };
		A36BCEE513436C6000090AE7 /* SciProMobileTests.h */ = {isa = PBXFileReference; lastKnownFileType = sourcecode.c.h; path = SciProMobileTests.h; sourceTree = "<group>"; };
		A36BCEE713436C6000090AE7 /* SciProMobileTests.m */ = {isa = PBXFileReference; lastKnownFileType = sourcecode.c.objc; path = SciProMobileTests.m; sourceTree = "<group>"; };
		A39520E5135CA13E00269689 /* MessageDetailViewController.h */ = {isa = PBXFileReference; fileEncoding = 4; lastKnownFileType = sourcecode.c.h; path = MessageDetailViewController.h; sourceTree = "<group>"; };
		A39520E6135CA13E00269689 /* MessageDetailViewController.m */ = {isa = PBXFileReference; fileEncoding = 4; lastKnownFileType = sourcecode.c.objc; path = MessageDetailViewController.m; sourceTree = "<group>"; };
		A39520E7135CA13E00269689 /* MessageDetailViewController.xib */ = {isa = PBXFileReference; fileEncoding = 4; lastKnownFileType = file.xib; path = MessageDetailViewController.xib; sourceTree = "<group>"; };
		A39520EB135CC77800269689 /* Settings.bundle */ = {isa = PBXFileReference; lastKnownFileType = "wrapper.plug-in"; path = Settings.bundle; sourceTree = "<group>"; };
		A3CD14DC134DB575001E364C /* ProjectViewController.h */ = {isa = PBXFileReference; fileEncoding = 4; lastKnownFileType = sourcecode.c.h; path = ProjectViewController.h; sourceTree = "<group>"; };
		A3CD14DD134DB575001E364C /* ProjectViewController.m */ = {isa = PBXFileReference; fileEncoding = 4; lastKnownFileType = sourcecode.c.objc; path = ProjectViewController.m; sourceTree = "<group>"; };
		A3CD14DE134DB575001E364C /* ProjectViewController.xib */ = {isa = PBXFileReference; fileEncoding = 4; lastKnownFileType = file.xib; path = ProjectViewController.xib; sourceTree = "<group>"; };
		A3CD14E2134DB590001E364C /* MessageViewController.h */ = {isa = PBXFileReference; fileEncoding = 4; lastKnownFileType = sourcecode.c.h; path = MessageViewController.h; sourceTree = "<group>"; };
		A3CD14E3134DB590001E364C /* MessageViewController.m */ = {isa = PBXFileReference; fileEncoding = 4; lastKnownFileType = sourcecode.c.objc; path = MessageViewController.m; sourceTree = "<group>"; };
		A3CD14E4134DB590001E364C /* MessageViewController.xib */ = {isa = PBXFileReference; fileEncoding = 4; lastKnownFileType = file.xib; path = MessageViewController.xib; sourceTree = "<group>"; };
		A3E4F9B4135C2B6C00667BEC /* MessageModel.h */ = {isa = PBXFileReference; fileEncoding = 4; lastKnownFileType = sourcecode.c.h; path = MessageModel.h; sourceTree = "<group>"; };
		A3E4F9B5135C2B6C00667BEC /* MessageModel.m */ = {isa = PBXFileReference; fileEncoding = 4; lastKnownFileType = sourcecode.c.objc; path = MessageModel.m; sourceTree = "<group>"; };
		A3E4F9B7135C576700667BEC /* 57.png */ = {isa = PBXFileReference; lastKnownFileType = image.png; path = 57.png; sourceTree = "<group>"; };
		A3E4F9B9135C577500667BEC /* 114.png */ = {isa = PBXFileReference; lastKnownFileType = image.png; path = 114.png; sourceTree = "<group>"; };
		A3FF1BE3134DC34B0044914C /* LoginViewController.h */ = {isa = PBXFileReference; fileEncoding = 4; lastKnownFileType = sourcecode.c.h; path = LoginViewController.h; sourceTree = "<group>"; };
		A3FF1BE4134DC34B0044914C /* LoginViewController.m */ = {isa = PBXFileReference; fileEncoding = 4; lastKnownFileType = sourcecode.c.objc; path = LoginViewController.m; sourceTree = "<group>"; };
		A3FF1BE5134DC34B0044914C /* LoginViewController.xib */ = {isa = PBXFileReference; fileEncoding = 4; lastKnownFileType = file.xib; path = LoginViewController.xib; sourceTree = "<group>"; };
		A3FF1C36134DF8FD0044914C /* ProjectDetailViewController.h */ = {isa = PBXFileReference; fileEncoding = 4; lastKnownFileType = sourcecode.c.h; path = ProjectDetailViewController.h; sourceTree = "<group>"; };
		A3FF1C37134DF8FD0044914C /* ProjectDetailViewController.m */ = {isa = PBXFileReference; fileEncoding = 4; lastKnownFileType = sourcecode.c.objc; path = ProjectDetailViewController.m; sourceTree = "<group>"; };
		A3FF1C38134DF8FE0044914C /* ProjectDetailViewController.xib */ = {isa = PBXFileReference; fileEncoding = 4; lastKnownFileType = file.xib; path = ProjectDetailViewController.xib; sourceTree = "<group>"; };
/* End PBXFileReference section */

/* Begin PBXFrameworksBuildPhase section */
		A36BCEB113436C6000090AE7 /* Frameworks */ = {
			isa = PBXFrameworksBuildPhase;
			buildActionMask = 2147483647;
			files = (
				A36BCEB913436C6000090AE7 /* UIKit.framework in Frameworks */,
				A36BCEBB13436C6000090AE7 /* Foundation.framework in Frameworks */,
				A36BCEBD13436C6000090AE7 /* CoreGraphics.framework in Frameworks */,
			);
			runOnlyForDeploymentPostprocessing = 0;
		};
		A36BCED413436C6000090AE7 /* Frameworks */ = {
			isa = PBXFrameworksBuildPhase;
			buildActionMask = 2147483647;
			files = (
				A36BCED913436C6000090AE7 /* UIKit.framework in Frameworks */,
				A36BCEDA13436C6000090AE7 /* Foundation.framework in Frameworks */,
				A36BCEDB13436C6000090AE7 /* CoreGraphics.framework in Frameworks */,
			);
			runOnlyForDeploymentPostprocessing = 0;
		};
/* End PBXFrameworksBuildPhase section */

/* Begin PBXGroup section */
		A33FE2E313533CB50037ACDE /* JSON */ = {
			isa = PBXGroup;
			children = (
				A33FE2E513533CCE0037ACDE /* JSON.h */,
				A33FE2E613533CCE0037ACDE /* NSObject+JSON.h */,
				A33FE2E713533CCE0037ACDE /* NSObject+JSON.m */,
				A33FE2E813533CCE0037ACDE /* SBJsonParser.h */,
				A33FE2E913533CCE0037ACDE /* SBJsonParser.m */,
				A33FE2EA13533CCE0037ACDE /* SBJsonStreamParser.h */,
				A33FE2EB13533CCE0037ACDE /* SBJsonStreamParser.m */,
				A33FE2EC13533CCE0037ACDE /* SBJsonStreamParserAdapter.h */,
				A33FE2ED13533CCE0037ACDE /* SBJsonStreamParserAdapter.m */,
				A33FE2EE13533CCE0037ACDE /* SBJsonStreamParserState.h */,
				A33FE2EF13533CCE0037ACDE /* SBJsonStreamParserState.m */,
				A33FE2F013533CCE0037ACDE /* SBJsonStreamWriter.h */,
				A33FE2F113533CCE0037ACDE /* SBJsonStreamWriter.m */,
				A33FE2F213533CCE0037ACDE /* SBJsonStreamWriterState.h */,
				A33FE2F313533CCE0037ACDE /* SBJsonStreamWriterState.m */,
				A33FE2F413533CCE0037ACDE /* SBJsonTokeniser.h */,
				A33FE2F513533CCE0037ACDE /* SBJsonTokeniser.m */,
				A33FE2F613533CCE0037ACDE /* SBJsonWriter.h */,
				A33FE2F713533CCE0037ACDE /* SBJsonWriter.m */,
			);
			name = JSON;
			sourceTree = "<group>";
		};
		A36BCEA913436C5F00090AE7 = {
			isa = PBXGroup;
			children = (
				A3E4F9B9135C577500667BEC /* 114.png */,
				A3E4F9B7135C576700667BEC /* 57.png */,
				A36BCEBE13436C6000090AE7 /* SciProMobile */,
				A36BCEDE13436C6000090AE7 /* SciProMobileTests */,
				A36BCEB713436C6000090AE7 /* Frameworks */,
				A36BCEB513436C6000090AE7 /* Products */,
			);
			sourceTree = "<group>";
		};
		A36BCEB513436C6000090AE7 /* Products */ = {
			isa = PBXGroup;
			children = (
				A36BCEB413436C6000090AE7 /* SciProMobile.app */,
				A36BCED813436C6000090AE7 /* SciProMobileTests.octest */,
			);
			name = Products;
			sourceTree = "<group>";
		};
		A36BCEB713436C6000090AE7 /* Frameworks */ = {
			isa = PBXGroup;
			children = (
				A36BCEB813436C6000090AE7 /* UIKit.framework */,
				A36BCEBA13436C6000090AE7 /* Foundation.framework */,
				A36BCEBC13436C6000090AE7 /* CoreGraphics.framework */,
			);
			name = Frameworks;
			sourceTree = "<group>";
		};
		A36BCEBE13436C6000090AE7 /* SciProMobile */ = {
			isa = PBXGroup;
			children = (
				A3E4F9A7135C2AA800667BEC /* Models */,
				A33FE2E313533CB50037ACDE /* JSON */,
				A3048810134EF8BA001126AA /* CreateMessageViewController.h */,
				A3048811134EF8BA001126AA /* CreateMessageViewController.m */,
				A3048812134EF8BA001126AA /* CreateMessageViewController.xib */,
				A36BCEC713436C6000090AE7 /* SciProMobileAppDelegate.h */,
				A36BCEC813436C6000090AE7 /* SciProMobileAppDelegate.m */,
				A36BCECA13436C6000090AE7 /* MainWindow.xib */,
				A3CD14DC134DB575001E364C /* ProjectViewController.h */,
				A3CD14DD134DB575001E364C /* ProjectViewController.m */,
				A3CD14DE134DB575001E364C /* ProjectViewController.xib */,
				A3CD14E2134DB590001E364C /* MessageViewController.h */,
				A3CD14E3134DB590001E364C /* MessageViewController.m */,
				A3CD14E4134DB590001E364C /* MessageViewController.xib */,
				A39520E5135CA13E00269689 /* MessageDetailViewController.h */,
				A39520E6135CA13E00269689 /* MessageDetailViewController.m */,
				A39520E7135CA13E00269689 /* MessageDetailViewController.xib */,
				A3FF1BE3134DC34B0044914C /* LoginViewController.h */,
				A3FF1BE4134DC34B0044914C /* LoginViewController.m */,
				A3FF1BE5134DC34B0044914C /* LoginViewController.xib */,
				A3FF1C36134DF8FD0044914C /* ProjectDetailViewController.h */,
				A3FF1C37134DF8FD0044914C /* ProjectDetailViewController.m */,
				A3FF1C38134DF8FE0044914C /* ProjectDetailViewController.xib */,
				A36BCEBF13436C6000090AE7 /* Supporting Files */,
			);
			path = SciProMobile;
			sourceTree = "<group>";
		};
		A36BCEBF13436C6000090AE7 /* Supporting Files */ = {
			isa = PBXGroup;
			children = (
				A36BCEC013436C6000090AE7 /* SciProMobile-Info.plist */,
				A36BCEC113436C6000090AE7 /* InfoPlist.strings */,
				A36BCEC413436C6000090AE7 /* SciProMobile-Prefix.pch */,
				A36BCEC513436C6000090AE7 /* main.m */,
				A39520EB135CC77800269689 /* Settings.bundle */,
			);
			name = "Supporting Files";
			sourceTree = "<group>";
		};
		A36BCEDE13436C6000090AE7 /* SciProMobileTests */ = {
			isa = PBXGroup;
			children = (
				A36BCEE513436C6000090AE7 /* SciProMobileTests.h */,
				A36BCEE713436C6000090AE7 /* SciProMobileTests.m */,
				A36BCEDF13436C6000090AE7 /* Supporting Files */,
			);
			path = SciProMobileTests;
			sourceTree = "<group>";
		};
		A36BCEDF13436C6000090AE7 /* Supporting Files */ = {
			isa = PBXGroup;
			children = (
				A36BCEE013436C6000090AE7 /* SciProMobileTests-Info.plist */,
				A36BCEE113436C6000090AE7 /* InfoPlist.strings */,
				A36BCEE413436C6000090AE7 /* SciProMobileTests-Prefix.pch */,
			);
			name = "Supporting Files";
			sourceTree = "<group>";
		};
		A3E4F9A7135C2AA800667BEC /* Models */ = {
			isa = PBXGroup;
			children = (
				A3E4F9B4135C2B6C00667BEC /* MessageModel.h */,
				A3E4F9B5135C2B6C00667BEC /* MessageModel.m */,
			);
			name = Models;
			sourceTree = "<group>";
		};
/* End PBXGroup section */

/* Begin PBXNativeTarget section */
		A36BCEB313436C6000090AE7 /* SciProMobile */ = {
			isa = PBXNativeTarget;
			buildConfigurationList = A36BCEEB13436C6000090AE7 /* Build configuration list for PBXNativeTarget "SciProMobile" */;
			buildPhases = (
				A36BCEB013436C6000090AE7 /* Sources */,
				A36BCEB113436C6000090AE7 /* Frameworks */,
				A36BCEB213436C6000090AE7 /* Resources */,
			);
			buildRules = (
			);
			dependencies = (
			);
			name = SciProMobile;
			productName = SciProMobile;
			productReference = A36BCEB413436C6000090AE7 /* SciProMobile.app */;
			productType = "com.apple.product-type.application";
		};
		A36BCED713436C6000090AE7 /* SciProMobileTests */ = {
			isa = PBXNativeTarget;
			buildConfigurationList = A36BCEEE13436C6000090AE7 /* Build configuration list for PBXNativeTarget "SciProMobileTests" */;
			buildPhases = (
				A36BCED313436C6000090AE7 /* Sources */,
				A36BCED413436C6000090AE7 /* Frameworks */,
				A36BCED513436C6000090AE7 /* Resources */,
				A36BCED613436C6000090AE7 /* ShellScript */,
			);
			buildRules = (
			);
			dependencies = (
				A36BCEDD13436C6000090AE7 /* PBXTargetDependency */,
			);
			name = SciProMobileTests;
			productName = SciProMobileTests;
			productReference = A36BCED813436C6000090AE7 /* SciProMobileTests.octest */;
			productType = "com.apple.product-type.bundle";
		};
/* End PBXNativeTarget section */

/* Begin PBXProject section */
		A36BCEAB13436C5F00090AE7 /* Project object */ = {
			isa = PBXProject;
			attributes = {
				ORGANIZATIONNAME = "Stockholms universitet";
			};
			buildConfigurationList = A36BCEAE13436C5F00090AE7 /* Build configuration list for PBXProject "SciProMobile" */;
			compatibilityVersion = "Xcode 3.2";
			developmentRegion = English;
			hasScannedForEncodings = 0;
			knownRegions = (
				en,
			);
			mainGroup = A36BCEA913436C5F00090AE7;
			productRefGroup = A36BCEB513436C6000090AE7 /* Products */;
			projectDirPath = "";
			projectRoot = "";
			targets = (
				A36BCEB313436C6000090AE7 /* SciProMobile */,
				A36BCED713436C6000090AE7 /* SciProMobileTests */,
			);
		};
/* End PBXProject section */

/* Begin PBXResourcesBuildPhase section */
		A36BCEB213436C6000090AE7 /* Resources */ = {
			isa = PBXResourcesBuildPhase;
			buildActionMask = 2147483647;
			files = (
				A36BCEC313436C6000090AE7 /* InfoPlist.strings in Resources */,
				A36BCECC13436C6000090AE7 /* MainWindow.xib in Resources */,
				A3CD14E0134DB575001E364C /* ProjectViewController.xib in Resources */,
				A3CD14E6134DB590001E364C /* MessageViewController.xib in Resources */,
				A3FF1BE7134DC34B0044914C /* LoginViewController.xib in Resources */,
				A3FF1C3A134DF8FE0044914C /* ProjectDetailViewController.xib in Resources */,
				A3048814134EF8BA001126AA /* CreateMessageViewController.xib in Resources */,
				A3E4F9B8135C576700667BEC /* 57.png in Resources */,
				A3E4F9BA135C577500667BEC /* 114.png in Resources */,
				A39520E9135CA13E00269689 /* MessageDetailViewController.xib in Resources */,
				A39520EC135CC77800269689 /* Settings.bundle in Resources */,
			);
			runOnlyForDeploymentPostprocessing = 0;
		};
		A36BCED513436C6000090AE7 /* Resources */ = {
			isa = PBXResourcesBuildPhase;
			buildActionMask = 2147483647;
			files = (
				A36BCEE313436C6000090AE7 /* InfoPlist.strings in Resources */,
				A36BCEE613436C6000090AE7 /* SciProMobileTests.h in Resources */,
			);
			runOnlyForDeploymentPostprocessing = 0;
		};
/* End PBXResourcesBuildPhase section */

/* Begin PBXShellScriptBuildPhase section */
		A36BCED613436C6000090AE7 /* ShellScript */ = {
			isa = PBXShellScriptBuildPhase;
			buildActionMask = 2147483647;
			files = (
			);
			inputPaths = (
			);
			outputPaths = (
			);
			runOnlyForDeploymentPostprocessing = 0;
			shellPath = /bin/sh;
			shellScript = "# Run the unit tests in this test bundle.\n\"${SYSTEM_DEVELOPER_DIR}/Tools/RunUnitTests\"\n";
		};
/* End PBXShellScriptBuildPhase section */

/* Begin PBXSourcesBuildPhase section */
		A36BCEB013436C6000090AE7 /* Sources */ = {
			isa = PBXSourcesBuildPhase;
			buildActionMask = 2147483647;
			files = (
				A36BCEC613436C6000090AE7 /* main.m in Sources */,
				A36BCEC913436C6000090AE7 /* SciProMobileAppDelegate.m in Sources */,
				A3CD14DF134DB575001E364C /* ProjectViewController.m in Sources */,
				A3CD14E5134DB590001E364C /* MessageViewController.m in Sources */,
				A3FF1BE6134DC34B0044914C /* LoginViewController.m in Sources */,
				A3FF1C39134DF8FE0044914C /* ProjectDetailViewController.m in Sources */,
				A3048813134EF8BA001126AA /* CreateMessageViewController.m in Sources */,
				A33FE2F813533CCE0037ACDE /* NSObject+JSON.m in Sources */,
				A33FE2F913533CCE0037ACDE /* SBJsonParser.m in Sources */,
				A33FE2FA13533CCE0037ACDE /* SBJsonStreamParser.m in Sources */,
				A33FE2FB13533CCE0037ACDE /* SBJsonStreamParserAdapter.m in Sources */,
				A33FE2FC13533CCE0037ACDE /* SBJsonStreamParserState.m in Sources */,
				A33FE2FD13533CCE0037ACDE /* SBJsonStreamWriter.m in Sources */,
				A33FE2FE13533CCE0037ACDE /* SBJsonStreamWriterState.m in Sources */,
				A33FE2FF13533CCE0037ACDE /* SBJsonTokeniser.m in Sources */,
				A33FE30013533CCE0037ACDE /* SBJsonWriter.m in Sources */,
				A3E4F9B6135C2B6C00667BEC /* MessageModel.m in Sources */,
				A39520E8135CA13E00269689 /* MessageDetailViewController.m in Sources */,
			);
			runOnlyForDeploymentPostprocessing = 0;
		};
		A36BCED313436C6000090AE7 /* Sources */ = {
			isa = PBXSourcesBuildPhase;
			buildActionMask = 2147483647;
			files = (
				A36BCEE813436C6000090AE7 /* SciProMobileTests.m in Sources */,
			);
			runOnlyForDeploymentPostprocessing = 0;
		};
/* End PBXSourcesBuildPhase section */

/* Begin PBXTargetDependency section */
		A36BCEDD13436C6000090AE7 /* PBXTargetDependency */ = {
			isa = PBXTargetDependency;
			target = A36BCEB313436C6000090AE7 /* SciProMobile */;
			targetProxy = A36BCEDC13436C6000090AE7 /* PBXContainerItemProxy */;
		};
/* End PBXTargetDependency section */

/* Begin PBXVariantGroup section */
		A36BCEC113436C6000090AE7 /* InfoPlist.strings */ = {
			isa = PBXVariantGroup;
			children = (
				A36BCEC213436C6000090AE7 /* en */,
			);
			name = InfoPlist.strings;
			sourceTree = "<group>";
		};
		A36BCECA13436C6000090AE7 /* MainWindow.xib */ = {
			isa = PBXVariantGroup;
			children = (
				A36BCECB13436C6000090AE7 /* en */,
			);
			name = MainWindow.xib;
			sourceTree = "<group>";
		};
		A36BCEE113436C6000090AE7 /* InfoPlist.strings */ = {
			isa = PBXVariantGroup;
			children = (
				A36BCEE213436C6000090AE7 /* en */,
			);
			name = InfoPlist.strings;
			sourceTree = "<group>";
		};
/* End PBXVariantGroup section */

/* Begin XCBuildConfiguration section */
		A36BCEE913436C6000090AE7 /* Debug */ = {
			isa = XCBuildConfiguration;
			buildSettings = {
				ARCHS = "$(ARCHS_STANDARD_32_BIT)";
				"CODE_SIGN_IDENTITY[sdk=iphoneos*]" = "iPhone Developer";
				GCC_C_LANGUAGE_STANDARD = gnu99;
				GCC_OPTIMIZATION_LEVEL = 0;
				GCC_PREPROCESSOR_DEFINITIONS = DEBUG;
				GCC_SYMBOLS_PRIVATE_EXTERN = NO;
				GCC_VERSION = com.apple.compilers.llvmgcc42;
				GCC_WARN_64_TO_32_BIT_CONVERSION = YES;
				GCC_WARN_ABOUT_MISSING_FIELD_INITIALIZERS = YES;
				GCC_WARN_ABOUT_MISSING_NEWLINE = YES;
				GCC_WARN_ABOUT_RETURN_TYPE = YES;
				GCC_WARN_INITIALIZER_NOT_FULLY_BRACKETED = YES;
				GCC_WARN_SHADOW = YES;
				GCC_WARN_SIGN_COMPARE = YES;
				GCC_WARN_UNDECLARED_SELECTOR = YES;
				GCC_WARN_UNUSED_FUNCTION = YES;
				GCC_WARN_UNUSED_LABEL = YES;
				GCC_WARN_UNUSED_VARIABLE = YES;
				IPHONEOS_DEPLOYMENT_TARGET = 4.3;
				RUN_CLANG_STATIC_ANALYZER = YES;
				SDKROOT = iphoneos;
			};
			name = Debug;
		};
		A36BCEEA13436C6000090AE7 /* Release */ = {
			isa = XCBuildConfiguration;
			buildSettings = {
				ARCHS = "$(ARCHS_STANDARD_32_BIT)";
				"CODE_SIGN_IDENTITY[sdk=iphoneos*]" = "iPhone Developer";
				GCC_C_LANGUAGE_STANDARD = gnu99;
				GCC_VERSION = com.apple.compilers.llvmgcc42;
				GCC_WARN_64_TO_32_BIT_CONVERSION = YES;
				GCC_WARN_ABOUT_MISSING_FIELD_INITIALIZERS = YES;
				GCC_WARN_ABOUT_MISSING_NEWLINE = YES;
				GCC_WARN_ABOUT_RETURN_TYPE = YES;
				GCC_WARN_INITIALIZER_NOT_FULLY_BRACKETED = YES;
				GCC_WARN_SHADOW = YES;
				GCC_WARN_SIGN_COMPARE = YES;
				GCC_WARN_UNDECLARED_SELECTOR = YES;
				GCC_WARN_UNUSED_FUNCTION = YES;
				GCC_WARN_UNUSED_LABEL = YES;
				GCC_WARN_UNUSED_VARIABLE = YES;
				IPHONEOS_DEPLOYMENT_TARGET = 4.3;
				OTHER_CFLAGS = "-DNS_BLOCK_ASSERTIONS=1";
				RUN_CLANG_STATIC_ANALYZER = YES;
				SDKROOT = iphoneos;
			};
			name = Release;
		};
		A36BCEEC13436C6000090AE7 /* Debug */ = {
			isa = XCBuildConfiguration;
			buildSettings = {
				ALWAYS_SEARCH_USER_PATHS = NO;
				COPY_PHASE_STRIP = NO;
				GCC_DYNAMIC_NO_PIC = NO;
				GCC_PRECOMPILE_PREFIX_HEADER = YES;
				GCC_PREFIX_HEADER = "SciProMobile/SciProMobile-Prefix.pch";
				GCC_WARN_64_TO_32_BIT_CONVERSION = YES;
				GCC_WARN_ABOUT_MISSING_FIELD_INITIALIZERS = YES;
				GCC_WARN_ABOUT_MISSING_NEWLINE = YES;
				GCC_WARN_INITIALIZER_NOT_FULLY_BRACKETED = YES;
				GCC_WARN_SHADOW = YES;
				GCC_WARN_SIGN_COMPARE = YES;
				GCC_WARN_UNDECLARED_SELECTOR = YES;
				GCC_WARN_UNUSED_FUNCTION = YES;
				GCC_WARN_UNUSED_LABEL = YES;
				INFOPLIST_FILE = "SciProMobile/SciProMobile-Info.plist";
				PRODUCT_NAME = "$(TARGET_NAME)";
				RUN_CLANG_STATIC_ANALYZER = YES;
				TARGETED_DEVICE_FAMILY = 1;
				WRAPPER_EXTENSION = app;
			};
			name = Debug;
		};
		A36BCEED13436C6000090AE7 /* Release */ = {
			isa = XCBuildConfiguration;
			buildSettings = {
				ALWAYS_SEARCH_USER_PATHS = NO;
				COPY_PHASE_STRIP = YES;
				GCC_PRECOMPILE_PREFIX_HEADER = YES;
				GCC_PREFIX_HEADER = "SciProMobile/SciProMobile-Prefix.pch";
				GCC_WARN_64_TO_32_BIT_CONVERSION = YES;
				GCC_WARN_ABOUT_MISSING_FIELD_INITIALIZERS = YES;
				GCC_WARN_ABOUT_MISSING_NEWLINE = YES;
				GCC_WARN_INITIALIZER_NOT_FULLY_BRACKETED = YES;
				GCC_WARN_SHADOW = YES;
				GCC_WARN_SIGN_COMPARE = YES;
				GCC_WARN_UNDECLARED_SELECTOR = YES;
				GCC_WARN_UNUSED_FUNCTION = YES;
				GCC_WARN_UNUSED_LABEL = YES;
				INFOPLIST_FILE = "SciProMobile/SciProMobile-Info.plist";
				PRODUCT_NAME = "$(TARGET_NAME)";
				RUN_CLANG_STATIC_ANALYZER = YES;
				TARGETED_DEVICE_FAMILY = 1;
				VALIDATE_PRODUCT = YES;
				WRAPPER_EXTENSION = app;
			};
			name = Release;
		};
		A36BCEEF13436C6000090AE7 /* Debug */ = {
			isa = XCBuildConfiguration;
			buildSettings = {
				ALWAYS_SEARCH_USER_PATHS = NO;
				BUNDLE_LOADER = "$(BUILT_PRODUCTS_DIR)/SciProMobile.app/SciProMobile";
				FRAMEWORK_SEARCH_PATHS = (
					"$(SDKROOT)/Developer/Library/Frameworks",
					"$(DEVELOPER_LIBRARY_DIR)/Frameworks",
				);
				GCC_PRECOMPILE_PREFIX_HEADER = YES;
				GCC_PREFIX_HEADER = "SciProMobileTests/SciProMobileTests-Prefix.pch";
				INFOPLIST_FILE = "SciProMobileTests/SciProMobileTests-Info.plist";
				OTHER_LDFLAGS = (
					"-framework",
					SenTestingKit,
				);
				PRODUCT_NAME = "$(TARGET_NAME)";
				TEST_HOST = "$(BUNDLE_LOADER)";
				WRAPPER_EXTENSION = octest;
			};
			name = Debug;
		};
		A36BCEF013436C6000090AE7 /* Release */ = {
			isa = XCBuildConfiguration;
			buildSettings = {
				ALWAYS_SEARCH_USER_PATHS = NO;
				BUNDLE_LOADER = "$(BUILT_PRODUCTS_DIR)/SciProMobile.app/SciProMobile";
				FRAMEWORK_SEARCH_PATHS = (
					"$(SDKROOT)/Developer/Library/Frameworks",
					"$(DEVELOPER_LIBRARY_DIR)/Frameworks",
				);
				GCC_PRECOMPILE_PREFIX_HEADER = YES;
				GCC_PREFIX_HEADER = "SciProMobileTests/SciProMobileTests-Prefix.pch";
				INFOPLIST_FILE = "SciProMobileTests/SciProMobileTests-Info.plist";
				OTHER_LDFLAGS = (
					"-framework",
					SenTestingKit,
				);
				PRODUCT_NAME = "$(TARGET_NAME)";
				TEST_HOST = "$(BUNDLE_LOADER)";
				WRAPPER_EXTENSION = octest;
			};
			name = Release;
		};
/* End XCBuildConfiguration section */

/* Begin XCConfigurationList section */
		A36BCEAE13436C5F00090AE7 /* Build configuration list for PBXProject "SciProMobile" */ = {
			isa = XCConfigurationList;
			buildConfigurations = (
				A36BCEE913436C6000090AE7 /* Debug */,
				A36BCEEA13436C6000090AE7 /* Release */,
			);
			defaultConfigurationIsVisible = 0;
			defaultConfigurationName = Release;
		};
		A36BCEEB13436C6000090AE7 /* Build configuration list for PBXNativeTarget "SciProMobile" */ = {
			isa = XCConfigurationList;
			buildConfigurations = (
				A36BCEEC13436C6000090AE7 /* Debug */,
				A36BCEED13436C6000090AE7 /* Release */,
			);
			defaultConfigurationIsVisible = 0;
			defaultConfigurationName = Release;
		};
		A36BCEEE13436C6000090AE7 /* Build configuration list for PBXNativeTarget "SciProMobileTests" */ = {
			isa = XCConfigurationList;
			buildConfigurations = (
				A36BCEEF13436C6000090AE7 /* Debug */,
				A36BCEF013436C6000090AE7 /* Release */,
			);
			defaultConfigurationIsVisible = 0;
			defaultConfigurationName = Release;
		};
/* End XCConfigurationList section */
	};
	rootObject = A36BCEAB13436C5F00090AE7 /* Project object */;
}
